
Microsoft Visual Studio Solution File, Format Version 12.00
# Visual Studio Version 16
VisualStudioVersion = 16.0.31019.35
MinimumVisualStudioVersion = 10.0.40219.1
Project("{9A19103F-16F7-4668-BE54-9A1E7A4F7556}") = "CashCow.Contracts", "CashCow.Contracts\CashCow.Contracts.csproj", "{19F55328-6752-4058-9030-3F4077D61B54}"
EndProject
Project("{9A19103F-16F7-4668-BE54-9A1E7A4F7556}") = "CommonBase", "CommonBase\CommonBase.csproj", "{9EC255D1-C2C7-4621-8CBA-D4CE6C49043B}"
EndProject
Project("{FAE04EC0-301F-11D3-BF4B-00C04F79EFBC}") = "CashCow.Logic", "CashCow.Logic\CashCow.Logic.csproj", "{0B9694B7-12DF-478E-85FD-1831231DE26F}"
EndProject
Global
	GlobalSection(SolutionConfigurationPlatforms) = preSolution
		Debug|Any CPU = Debug|Any CPU
		Release|Any CPU = Release|Any CPU
	EndGlobalSection
	GlobalSection(ProjectConfigurationPlatforms) = postSolution
		{19F55328-6752-4058-9030-3F4077D61B54}.Debug|Any CPU.ActiveCfg = Debug|Any CPU
		{19F55328-6752-4058-9030-3F4077D61B54}.Debug|Any CPU.Build.0 = Debug|Any CPU
		{19F55328-6752-4058-9030-3F4077D61B54}.Release|Any CPU.ActiveCfg = Release|Any CPU
		{19F55328-6752-4058-9030-3F4077D61B54}.Release|Any CPU.Build.0 = Release|Any CPU
		{9EC255D1-C2C7-4621-8CBA-D4CE6C49043B}.Debug|Any CPU.ActiveCfg = Debug|Any CPU
		{9EC255D1-C2C7-4621-8CBA-D4CE6C49043B}.Debug|Any CPU.Build.0 = Debug|Any CPU
		{9EC255D1-C2C7-4621-8CBA-D4CE6C49043B}.Release|Any CPU.ActiveCfg = Release|Any CPU
		{9EC255D1-C2C7-4621-8CBA-D4CE6C49043B}.Release|Any CPU.Build.0 = Release|Any CPU
		{0B9694B7-12DF-478E-85FD-1831231DE26F}.Debug|Any CPU.ActiveCfg = Debug|Any CPU
		{0B9694B7-12DF-478E-85FD-1831231DE26F}.Debug|Any CPU.Build.0 = Debug|Any CPU
		{0B9694B7-12DF-478E-85FD-1831231DE26F}.Release|Any CPU.ActiveCfg = Release|Any CPU
		{0B9694B7-12DF-478E-85FD-1831231DE26F}.Release|Any CPU.Build.0 = Release|Any CPU
	EndGlobalSection
	GlobalSection(SolutionProperties) = preSolution
		HideSolutionNode = FALSE
	EndGlobalSection
	GlobalSection(ExtensibilityGlobals) = postSolution
		SolutionGuid = {D948C241-A545-47A6-B1E3-CBCD19D20E44}
	EndGlobalSection
EndGlobal
